{
  "name": "Solidity_Exercises",
  "lockfileVersion": 3,
  "requires": true,
  "packages": {
    "": {
      "dependencies": {
        "spdx-license-ids": "^3.0.13"
      }
    },
    "node_modules/spdx-license-ids": {
      "version": "3.0.13",
      "resolved": "https://registry.npmjs.org/spdx-license-ids/-/spdx-license-ids-3.0.13.tgz",
      "integrity": "sha512-XkD+zwiqXHikFZm4AX/7JSCXA98U5Db4AFd5XUg/+9UNtnH75+Z9KxtpYiJZx36mUDVOwH83pl7yvCer6ewM3w=="
    }
  }
}
